// !$*UTF8*$!
{
	archiveVersion = 1;
	classes = {
	};
	objectVersion = 56;
	objects = {

/* Begin PBXBuildFile section */
		8D3A79E02A54A5DF00B8E22C /* AppDelegate.swift in Sources */ = {isa = PBXBuildFile; fileRef = 8D3A79DF2A54A5DF00B8E22C /* AppDelegate.swift */; };
		8D3A79E22A54A5DF00B8E22C /* SceneDelegate.swift in Sources */ = {isa = PBXBuildFile; fileRef = 8D3A79E12A54A5DF00B8E22C /* SceneDelegate.swift */; };
		8D3A79E42A54A5DF00B8E22C /* ViewController.swift in Sources */ = {isa = PBXBuildFile; fileRef = 8D3A79E32A54A5DF00B8E22C /* ViewController.swift */; };
		8D3A79E72A54A5DF00B8E22C /* Main.storyboard in Resources */ = {isa = PBXBuildFile; fileRef = 8D3A79E52A54A5DF00B8E22C /* Main.storyboard */; };
		8D3A79E92A54A5E000B8E22C /* Assets.xcassets in Resources */ = {isa = PBXBuildFile; fileRef = 8D3A79E82A54A5E000B8E22C /* Assets.xcassets */; };
		8D3A79EC2A54A5E000B8E22C /* LaunchScreen.storyboard in Resources */ = {isa = PBXBuildFile; fileRef = 8D3A79EA2A54A5E000B8E22C /* LaunchScreen.storyboard */; };
		8D3A79F42A54A92400B8E22C /* audio1.mp3 in Resources */ = {isa = PBXBuildFile; fileRef = 8D3A79F32A54A92400B8E22C /* audio1.mp3 */; };
		8D3A79F62A54BC6800B8E22C /* audio.mp3 in Resources */ = {isa = PBXBuildFile; fileRef = 8D3A79F52A54BC6800B8E22C /* audio.mp3 */; };
		8D3A79F82A54CBB600B8E22C /* audio2.mp3 in Resources */ = {isa = PBXBuildFile; fileRef = 8D3A79F72A54CBB600B8E22C /* audio2.mp3 */; };
		8D3A79FA2A54CCB400B8E22C /* audio3.mp3 in Resources */ = {isa = PBXBuildFile; fileRef = 8D3A79F92A54CCB400B8E22C /* audio3.mp3 */; };
		8D3A79FC2A54CEA700B8E22C /* audio4.mp3 in Resources */ = {isa = PBXBuildFile; fileRef = 8D3A79FB2A54CEA600B8E22C /* audio4.mp3 */; };
		8DB107A52A54E86300B14E3F /* audio5.mp3 in Resources */ = {isa = PBXBuildFile; fileRef = 8DB107A42A54E86300B14E3F /* audio5.mp3 */; };
/* End PBXBuildFile section */

/* Begin PBXFileReference section */
		8D3A79DC2A54A5DF00B8E22C /* exampleStripWave.app */ = {isa = PBXFileReference; explicitFileType = wrapper.application; includeInIndex = 0; path = exampleStripWave.app; sourceTree = BUILT_PRODUCTS_DIR; };
		8D3A79DF2A54A5DF00B8E22C /* AppDelegate.swift */ = {isa = PBXFileReference; lastKnownFileType = sourcecode.swift; path = AppDelegate.swift; sourceTree = "<group>"; };
		8D3A79E12A54A5DF00B8E22C /* SceneDelegate.swift */ = {isa = PBXFileReference; lastKnownFileType = sourcecode.swift; path = SceneDelegate.swift; sourceTree = "<group>"; };
		8D3A79E32A54A5DF00B8E22C /* ViewController.swift */ = {isa = PBXFileReference; lastKnownFileType = sourcecode.swift; path = ViewController.swift; sourceTree = "<group>"; };
		8D3A79E62A54A5DF00B8E22C /* Base */ = {isa = PBXFileReference; lastKnownFileType = file.storyboard; name = Base; path = Base.lproj/Main.storyboard; sourceTree = "<group>"; };
		8D3A79E82A54A5E000B8E22C /* Assets.xcassets */ = {isa = PBXFileReference; lastKnownFileType = folder.assetcatalog; path = Assets.xcassets; sourceTree = "<group>"; };
		8D3A79EB2A54A5E000B8E22C /* Base */ = {isa = PBXFileReference; lastKnownFileType = file.storyboard; name = Base; path = Base.lproj/LaunchScreen.storyboard; sourceTree = "<group>"; };
		8D3A79ED2A54A5E000B8E22C /* Info.plist */ = {isa = PBXFileReference; lastKnownFileType = text.plist.xml; path = Info.plist; sourceTree = "<group>"; };
		8D3A79F32A54A92400B8E22C /* audio1.mp3 */ = {isa = PBXFileReference; lastKnownFileType = audio.mp3; path = audio1.mp3; sourceTree = "<group>"; };
		8D3A79F52A54BC6800B8E22C /* audio.mp3 */ = {isa = PBXFileReference; lastKnownFileType = audio.mp3; path = audio.mp3; sourceTree = "<group>"; };
		8D3A79F72A54CBB600B8E22C /* audio2.mp3 */ = {isa = PBXFileReference; lastKnownFileType = audio.mp3; path = audio2.mp3; sourceTree = "<group>"; };
		8D3A79F92A54CCB400B8E22C /* audio3.mp3 */ = {isa = PBXFileReference; lastKnownFileType = audio.mp3; path = audio3.mp3; sourceTree = "<group>"; };
		8D3A79FB2A54CEA600B8E22C /* audio4.mp3 */ = {isa = PBXFileReference; lastKnownFileType = audio.mp3; path = audio4.mp3; sourceTree = "<group>"; };
		8DB107A42A54E86300B14E3F /* audio5.mp3 */ = {isa = PBXFileReference; lastKnownFileType = audio.mp3; path = audio5.mp3; sourceTree = "<group>"; };
/* End PBXFileReference section */

/* Begin PBXFrameworksBuildPhase section */
		8D3A79D92A54A5DF00B8E22C /* Frameworks */ = {
			isa = PBXFrameworksBuildPhase;
			buildActionMask = 2147483647;
			files = (
			);
			runOnlyForDeploymentPostprocessing = 0;
		};
/* End PBXFrameworksBuildPhase section */

/* Begin PBXGroup section */
		8D3A79D32A54A5DE00B8E22C = {
			isa = PBXGroup;
			children = (
				8D3A79DE2A54A5DF00B8E22C /* exampleStripWave */,
				8D3A79DD2A54A5DF00B8E22C /* Products */,
			);
			sourceTree = "<group>";
		};
		8D3A79DD2A54A5DF00B8E22C /* Products */ = {
			isa = PBXGroup;
			children = (
				8D3A79DC2A54A5DF00B8E22C /* exampleStripWave.app */,
			);
			name = Products;
			sourceTree = "<group>";
		};
		8D3A79DE2A54A5DF00B8E22C /* exampleStripWave */ = {
			isa = PBXGroup;
			children = (
				8D3A79DF2A54A5DF00B8E22C /* AppDelegate.swift */,
				8D3A79E12A54A5DF00B8E22C /* SceneDelegate.swift */,
				8D3A79E32A54A5DF00B8E22C /* ViewController.swift */,
				8DB107A42A54E86300B14E3F /* audio5.mp3 */,
				8D3A79FB2A54CEA600B8E22C /* audio4.mp3 */,
				8D3A79F92A54CCB400B8E22C /* audio3.mp3 */,
				8D3A79F72A54CBB600B8E22C /* audio2.mp3 */,
				8D3A79F32A54A92400B8E22C /* audio1.mp3 */,
				8D3A79F52A54BC6800B8E22C /* audio.mp3 */,
				8D3A79E52A54A5DF00B8E22C /* Main.storyboard */,
				8D3A79E82A54A5E000B8E22C /* Assets.xcassets */,
				8D3A79EA2A54A5E000B8E22C /* LaunchScreen.storyboard */,
				8D3A79ED2A54A5E000B8E22C /* Info.plist */,
			);
			path = exampleStripWave;
			sourceTree = "<group>";
		};
/* End PBXGroup section */

/* Begin PBXNativeTarget section */
		8D3A79DB2A54A5DF00B8E22C /* exampleStripWave */ = {
			isa = PBXNativeTarget;
			buildConfigurationList = 8D3A79F02A54A5E000B8E22C /* Build configuration list for PBXNativeTarget "exampleStripWave" */;
			buildPhases = (
				8D3A79D82A54A5DF00B8E22C /* Sources */,
				8D3A79D92A54A5DF00B8E22C /* Frameworks */,
				8D3A79DA2A54A5DF00B8E22C /* Resources */,
			);
			buildRules = (
			);
			dependencies = (
			);
			name = exampleStripWave;
			productName = exampleStripWave;
			productReference = 8D3A79DC2A54A5DF00B8E22C /* exampleStripWave.app */;
			productType = "com.apple.product-type.application";
		};
/* End PBXNativeTarget section */

/* Begin PBXProject section */
		8D3A79D42A54A5DE00B8E22C /* Project object */ = {
			isa = PBXProject;
			attributes = {
				BuildIndependentTargetsInParallel = 1;
				LastSwiftUpdateCheck = 1430;
				LastUpgradeCheck = 1430;
				TargetAttributes = {
					8D3A79DB2A54A5DF00B8E22C = {
						CreatedOnToolsVersion = 14.3;
					};
				};
			};
			buildConfigurationList = 8D3A79D72A54A5DE00B8E22C /* Build configuration list for PBXProject "exampleStripWave" */;
			compatibilityVersion = "Xcode 14.0";
			developmentRegion = en;
			hasScannedForEncodings = 0;
			knownRegions = (
				en,
				Base,
			);
			mainGroup = 8D3A79D32A54A5DE00B8E22C;
			productRefGroup = 8D3A79DD2A54A5DF00B8E22C /* Products */;
			projectDirPath = "";
			projectRoot = "";
			targets = (
				8D3A79DB2A54A5DF00B8E22C /* exampleStripWave */,
			);
		};
/* End PBXProject section */

/* Begin PBXResourcesBuildPhase section */
		8D3A79DA2A54A5DF00B8E22C /* Resources */ = {
			isa = PBXResourcesBuildPhase;
			buildActionMask = 2147483647;
			files = (
				8D3A79EC2A54A5E000B8E22C /* LaunchScreen.storyboard in Resources */,
				8D3A79E92A54A5E000B8E22C /* Assets.xcassets in Resources */,
				8D3A79E72A54A5DF00B8E22C /* Main.storyboard in Resources */,
				8D3A79F42A54A92400B8E22C /* audio1.mp3 in Resources */,
				8DB107A52A54E86300B14E3F /* audio5.mp3 in Resources */,
				8D3A79FA2A54CCB400B8E22C /* audio3.mp3 in Resources */,
				8D3A79F82A54CBB600B8E22C /* audio2.mp3 in Resources */,
				8D3A79FC2A54CEA700B8E22C /* audio4.mp3 in Resources */,
				8D3A79F62A54BC6800B8E22C /* audio.mp3 in Resources */,
			);
			runOnlyForDeploymentPostprocessing = 0;
		};
/* End PBXResourcesBuildPhase section */

/* Begin PBXSourcesBuildPhase section */
		8D3A79D82A54A5DF00B8E22C /* Sources */ = {
			isa = PBXSourcesBuildPhase;
			buildActionMask = 2147483647;
			files = (
				8D3A79E42A54A5DF00B8E22C /* ViewController.swift in Sources */,
				8D3A79E02A54A5DF00B8E22C /* AppDelegate.swift in Sources */,
				8D3A79E22A54A5DF00B8E22C /* SceneDelegate.swift in Sources */,
			);
			runOnlyForDeploymentPostprocessing = 0;
		};
/* End PBXSourcesBuildPhase section */

/* Begin PBXVariantGroup section */
		8D3A79E52A54A5DF00B8E22C /* Main.storyboard */ = {
			isa = PBXVariantGroup;
			children = (
				8D3A79E62A54A5DF00B8E22C /* Base */,
			);
			name = Main.storyboard;
			sourceTree = "<group>";
		};
		8D3A79EA2A54A5E000B8E22C /* LaunchScreen.storyboard */ = {
			isa = PBXVariantGroup;
			children = (
				8D3A79EB2A54A5E000B8E22C /* Base */,
			);
			name = LaunchScreen.storyboard;
			sourceTree = "<group>";
		};
/* End PBXVariantGroup section */

/* Begin XCBuildConfiguration section */
		8D3A79EE2A54A5E000B8E22C /* Debug */ = {
			isa = XCBuildConfiguration;
			buildSettings = {
				ALWAYS_SEARCH_USER_PATHS = NO;
				CLANG_ANALYZER_NONNULL = YES;
				CLANG_ANALYZER_NUMBER_OBJECT_CONVERSION = YES_AGGRESSIVE;
				CLANG_CXX_LANGUAGE_STANDARD = "gnu++20";
				CLANG_ENABLE_MODULES = YES;
				CLANG_ENABLE_OBJC_ARC = YES;
				CLANG_ENABLE_OBJC_WEAK = YES;
				CLANG_WARN_BLOCK_CAPTURE_AUTORELEASING = YES;
				CLANG_WARN_BOOL_CONVERSION = YES;
				CLANG_WARN_COMMA = YES;
				CLANG_WARN_CONSTANT_CONVERSION = YES;
				CLANG_WARN_DEPRECATED_OBJC_IMPLEMENTATIONS = YES;
				CLANG_WARN_DIRECT_OBJC_ISA_USAGE = YES_ERROR;
				CLANG_WARN_DOCUMENTATION_COMMENTS = YES;
				CLANG_WARN_EMPTY_BODY = YES;
				CLANG_WARN_ENUM_CONVERSION = YES;
				CLANG_WARN_INFINITE_RECURSION = YES;
				CLANG_WARN_INT_CONVERSION = YES;
				CLANG_WARN_NON_LITERAL_NULL_CONVERSION = YES;
				CLANG_WARN_OBJC_IMPLICIT_RETAIN_SELF = YES;
				CLANG_WARN_OBJC_LITERAL_CONVERSION = YES;
				CLANG_WARN_OBJC_ROOT_CLASS = YES_ERROR;
				CLANG_WARN_QUOTED_INCLUDE_IN_FRAMEWORK_HEADER = YES;
				CLANG_WARN_RANGE_LOOP_ANALYSIS = YES;
				CLANG_WARN_STRICT_PROTOTYPES = YES;
				CLANG_WARN_SUSPICIOUS_MOVE = YES;
				CLANG_WARN_UNGUARDED_AVAILABILITY = YES_AGGRESSIVE;
				CLANG_WARN_UNREACHABLE_CODE = YES;
				CLANG_WARN__DUPLICATE_METHOD_MATCH = YES;
				COPY_PHASE_STRIP = NO;
				DEBUG_INFORMATION_FORMAT = dwarf;
				ENABLE_STRICT_OBJC_MSGSEND = YES;
				ENABLE_TESTABILITY = YES;
				GCC_C_LANGUAGE_STANDARD = gnu11;
				GCC_DYNAMIC_NO_PIC = NO;
				GCC_NO_COMMON_BLOCKS = YES;
				GCC_OPTIMIZATION_LEVEL = 0;
				GCC_PREPROCESSOR_DEFINITIONS = (
					"DEBUG=1",
					"$(inherited)",
				);
				GCC_WARN_64_TO_32_BIT_CONVERSION = YES;
				GCC_WARN_ABOUT_RETURN_TYPE = YES_ERROR;
				GCC_WARN_UNDECLARED_SELECTOR = YES;
				GCC_WARN_UNINITIALIZED_AUTOS = YES_AGGRESSIVE;
				GCC_WARN_UNUSED_FUNCTION = YES;
				GCC_WARN_UNUSED_VARIABLE = YES;
				IPHONEOS_DEPLOYMENT_TARGET = 16.4;
				MTL_ENABLE_DEBUG_INFO = INCLUDE_SOURCE;
				MTL_FAST_MATH = YES;
				ONLY_ACTIVE_ARCH = YES;
				SDKROOT = iphoneos;
				SWIFT_ACTIVE_COMPILATION_CONDITIONS = DEBUG;
				SWIFT_OPTIMIZATION_LEVEL = "-Onone";
			};
			name = Debug;
		};
		8D3A79EF2A54A5E000B8E22C /* Release */ = {
			isa = XCBuildConfiguration;
			buildSettings = {
				ALWAYS_SEARCH_USER_PATHS = NO;
				CLANG_ANALYZER_NONNULL = YES;
				CLANG_ANALYZER_NUMBER_OBJECT_CONVERSION = YES_AGGRESSIVE;
				CLANG_CXX_LANGUAGE_STANDARD = "gnu++20";
				CLANG_ENABLE_MODULES = YES;
				CLANG_ENABLE_OBJC_ARC = YES;
				CLANG_ENABLE_OBJC_WEAK = YES;
				CLANG_WARN_BLOCK_CAPTURE_AUTORELEASING = YES;
				CLANG_WARN_BOOL_CONVERSION = YES;
				CLANG_WARN_COMMA = YES;
				CLANG_WARN_CONSTANT_CONVERSION = YES;
				CLANG_WARN_DEPRECATED_OBJC_IMPLEMENTATIONS = YES;
				CLANG_WARN_DIRECT_OBJC_ISA_USAGE = YES_ERROR;
				CLANG_WARN_DOCUMENTATION_COMMENTS = YES;
				CLANG_WARN_EMPTY_BODY = YES;
				CLANG_WARN_ENUM_CONVERSION = YES;
				CLANG_WARN_INFINITE_RECURSION = YES;
				CLANG_WARN_INT_CONVERSION = YES;
				CLANG_WARN_NON_LITERAL_NULL_CONVERSION = YES;
				CLANG_WARN_OBJC_IMPLICIT_RETAIN_SELF = YES;
				CLANG_WARN_OBJC_LITERAL_CONVERSION = YES;
				CLANG_WARN_OBJC_ROOT_CLASS = YES_ERROR;
				CLANG_WARN_QUOTED_INCLUDE_IN_FRAMEWORK_HEADER = YES;
				CLANG_WARN_RANGE_LOOP_ANALYSIS = YES;
				CLANG_WARN_STRICT_PROTOTYPES = YES;
				CLANG_WARN_SUSPICIOUS_MOVE = YES;
				CLANG_WARN_UNGUARDED_AVAILABILITY = YES_AGGRESSIVE;
				CLANG_WARN_UNREACHABLE_CODE = YES;
				CLANG_WARN__DUPLICATE_METHOD_MATCH = YES;
				COPY_PHASE_STRIP = NO;
				DEBUG_INFORMATION_FORMAT = "dwarf-with-dsym";
				ENABLE_NS_ASSERTIONS = NO;
				ENABLE_STRICT_OBJC_MSGSEND = YES;
				GCC_C_LANGUAGE_STANDARD = gnu11;
				GCC_NO_COMMON_BLOCKS = YES;
				GCC_WARN_64_TO_32_BIT_CONVERSION = YES;
				GCC_WARN_ABOUT_RETURN_TYPE = YES_ERROR;
				GCC_WARN_UNDECLARED_SELECTOR = YES;
				GCC_WARN_UNINITIALIZED_AUTOS = YES_AGGRESSIVE;
				GCC_WARN_UNUSED_FUNCTION = YES;
				GCC_WARN_UNUSED_VARIABLE = YES;
				IPHONEOS_DEPLOYMENT_TARGET = 16.4;
				MTL_ENABLE_DEBUG_INFO = NO;
				MTL_FAST_MATH = YES;
				SDKROOT = iphoneos;
				SWIFT_COMPILATION_MODE = wholemodule;
				SWIFT_OPTIMIZATION_LEVEL = "-O";
				VALIDATE_PRODUCT = YES;
			};
			name = Release;
		};
		8D3A79F12A54A5E000B8E22C /* Debug */ = {
			isa = XCBuildConfiguration;
			buildSettings = {
				ASSETCATALOG_COMPILER_APPICON_NAME = AppIcon;
				ASSETCATALOG_COMPILER_GLOBAL_ACCENT_COLOR_NAME = AccentColor;
				CODE_SIGN_STYLE = Automatic;
				CURRENT_PROJECT_VERSION = 1;
				GENERATE_INFOPLIST_FILE = YES;
				INFOPLIST_FILE = exampleStripWave/Info.plist;
				INFOPLIST_KEY_UIApplicationSupportsIndirectInputEvents = YES;
				INFOPLIST_KEY_UILaunchStoryboardName = LaunchScreen;
				INFOPLIST_KEY_UIMainStoryboardFile = Main;
				INFOPLIST_KEY_UISupportedInterfaceOrientations_iPad = "UIInterfaceOrientationPortrait UIInterfaceOrientationPortraitUpsideDown UIInterfaceOrientationLandscapeLeft UIInterfaceOrientationLandscapeRight";
				INFOPLIST_KEY_UISupportedInterfaceOrientations_iPhone = "UIInterfaceOrientationPortrait UIInterfaceOrientationLandscapeLeft UIInterfaceOrientationLandscapeRight";
				LD_RUNPATH_SEARCH_PATHS = (
					"$(inherited)",
					"@executable_path/Frameworks",
				);
				MARKETING_VERSION = 1.0;
				PRODUCT_BUNDLE_IDENTIFIER = com.myn.exampleStripWave;
				PRODUCT_NAME = "$(TARGET_NAME)";
				SWIFT_EMIT_LOC_STRINGS = YES;
				SWIFT_VERSION = 5.0;
				TARGETED_DEVICE_FAMILY = "1,2";
			};
			name = Debug;
		};
		8D3A79F22A54A5E000B8E22C /* Release */ = {
			isa = XCBuildConfiguration;
			buildSettings = {
				ASSETCATALOG_COMPILER_APPICON_NAME = AppIcon;
				ASSETCATALOG_COMPILER_GLOBAL_ACCENT_COLOR_NAME = AccentColor;
				CODE_SIGN_STYLE = Automatic;
				CURRENT_PROJECT_VERSION = 1;
				GENERATE_INFOPLIST_FILE = YES;
				INFOPLIST_FILE = exampleStripWave/Info.plist;
				INFOPLIST_KEY_UIApplicationSupportsIndirectInputEvents = YES;
				INFOPLIST_KEY_UILaunchStoryboardName = LaunchScreen;
				INFOPLIST_KEY_UIMainStoryboardFile = Main;
				INFOPLIST_KEY_UISupportedInterfaceOrientations_iPad = "UIInterfaceOrientationPortrait UIInterfaceOrientationPortraitUpsideDown UIInterfaceOrientationLandscapeLeft UIInterfaceOrientationLandscapeRight";
				INFOPLIST_KEY_UISupportedInterfaceOrientations_iPhone = "UIInterfaceOrientationPortrait UIInterfaceOrientationLandscapeLeft UIInterfaceOrientationLandscapeRight";
				LD_RUNPATH_SEARCH_PATHS = (
					"$(inherited)",
					"@executable_path/Frameworks",
				);
				MARKETING_VERSION = 1.0;
				PRODUCT_BUNDLE_IDENTIFIER = com.myn.exampleStripWave;
				PRODUCT_NAME = "$(TARGET_NAME)";
				SWIFT_EMIT_LOC_STRINGS = YES;
				SWIFT_VERSION = 5.0;
				TARGETED_DEVICE_FAMILY = "1,2";
			};
			name = Release;
		};
/* End XCBuildConfiguration section */

/* Begin XCConfigurationList section */
		8D3A79D72A54A5DE00B8E22C /* Build configuration list for PBXProject "exampleStripWave" */ = {
			isa = XCConfigurationList;
			buildConfigurations = (
				8D3A79EE2A54A5E000B8E22C /* Debug */,
				8D3A79EF2A54A5E000B8E22C /* Release */,
			);
			defaultConfigurationIsVisible = 0;
			defaultConfigurationName = Release;
		};
		8D3A79F02A54A5E000B8E22C /* Build configuration list for PBXNativeTarget "exampleStripWave" */ = {
			isa = XCConfigurationList;
			buildConfigurations = (
				8D3A79F12A54A5E000B8E22C /* Debug */,
				8D3A79F22A54A5E000B8E22C /* Release */,
			);
			defaultConfigurationIsVisible = 0;
			defaultConfigurationName = Release;
		};
/* End XCConfigurationList section */
	};
	rootObject = 8D3A79D42A54A5DE00B8E22C /* Project object */;
}
